// !$*UTF8*$!
{
	archiveVersion = 1;
	classes = {
	};
	objectVersion = 46;
	objects = {

/* Begin PBXBuildFile section */
		2712D93017DE30EF007327C0 /* Foundation.framework in Frameworks */ = {isa = PBXBuildFile; fileRef = 2727D21017DE2E110069F9D2 /* Foundation.framework */; };
		2712D94017DE310C007327C0 /* Foundation.framework in Frameworks */ = {isa = PBXBuildFile; fileRef = 2727D21017DE2E110069F9D2 /* Foundation.framework */; };
		2712D95017DE311F007327C0 /* Foundation.framework in Frameworks */ = {isa = PBXBuildFile; fileRef = 2727D21017DE2E110069F9D2 /* Foundation.framework */; };
		2712D9BD17DE3632007327C0 /* main.m in Sources */ = {isa = PBXBuildFile; fileRef = 2712D9B617DE3632007327C0 /* main.m */; };
		2712D9BE17DE3632007327C0 /* main.m in Sources */ = {isa = PBXBuildFile; fileRef = 2712D9B617DE3632007327C0 /* main.m */; };
		2712D9BF17DE3632007327C0 /* main.m in Sources */ = {isa = PBXBuildFile; fileRef = 2712D9B617DE3632007327C0 /* main.m */; };
		2712D9C017DE3632007327C0 /* main.m in Sources */ = {isa = PBXBuildFile; fileRef = 2712D9B617DE3632007327C0 /* main.m */; };
		2727D28E17DE2FF80069F9D2 /* Foundation.framework in Frameworks */ = {isa = PBXBuildFile; fileRef = 2727D21017DE2E110069F9D2 /* Foundation.framework */; };
		B214727C17DE7BBC00985872 /* UIKit.framework in Frameworks */ = {isa = PBXBuildFile; fileRef = 2727D25017DE2EAA0069F9D2 /* UIKit.framework */; };
		B214727D17DE7BBC00985872 /* Foundation.framework in Frameworks */ = {isa = PBXBuildFile; fileRef = 2727D21017DE2E110069F9D2 /* Foundation.framework */; };
		B214727E17DE7BBC00985872 /* CoreGraphics.framework in Frameworks */ = {isa = PBXBuildFile; fileRef = 2727D24E17DE2EAA0069F9D2 /* CoreGraphics.framework */; };
		B214728417DE7BBC00985872 /* InfoPlist.strings in Resources */ = {isa = PBXBuildFile; fileRef = B214728217DE7BBC00985872 /* InfoPlist.strings */; };
		B214728617DE7BBC00985872 /* main.m in Sources */ = {isa = PBXBuildFile; fileRef = B214728517DE7BBC00985872 /* main.m */; };
		B214728A17DE7BBD00985872 /* AppDelegate.m in Sources */ = {isa = PBXBuildFile; fileRef = B214728917DE7BBD00985872 /* AppDelegate.m */; };
		B214728C17DE7BBD00985872 /* Default.png in Resources */ = {isa = PBXBuildFile; fileRef = B214728B17DE7BBD00985872 /* Default.png */; };
		B214728E17DE7BBD00985872 /* Default@2x.png in Resources */ = {isa = PBXBuildFile; fileRef = B214728D17DE7BBD00985872 /* Default@2x.png */; };
		B214729017DE7BBD00985872 /* Default-568h@2x.png in Resources */ = {isa = PBXBuildFile; fileRef = B214728F17DE7BBD00985872 /* Default-568h@2x.png */; };
		B214729317DE7BBD00985872 /* ViewController.m in Sources */ = {isa = PBXBuildFile; fileRef = B214729217DE7BBD00985872 /* ViewController.m */; };
		B214729617DE7BBD00985872 /* ViewController_iPhone.xib in Resources */ = {isa = PBXBuildFile; fileRef = B214729417DE7BBD00985872 /* ViewController_iPhone.xib */; };
		B214729917DE7BBD00985872 /* ViewController_iPad.xib in Resources */ = {isa = PBXBuildFile; fileRef = B214729717DE7BBD00985872 /* ViewController_iPad.xib */; };
		B2B1436617DE6F3100A8454E /* FishLamp-Objc-Lib.m in Sources */ = {isa = PBXBuildFile; fileRef = B2B1436517DE6F3100A8454E /* FishLamp-Objc-Lib.m */; };
		B2B1436717DE6F3100A8454E /* FishLamp-Objc-Lib.m in Sources */ = {isa = PBXBuildFile; fileRef = B2B1436517DE6F3100A8454E /* FishLamp-Objc-Lib.m */; };
		B2B1436817DE6F3100A8454E /* FishLamp-Objc-Lib.m in Sources */ = {isa = PBXBuildFile; fileRef = B2B1436517DE6F3100A8454E /* FishLamp-Objc-Lib.m */; };
		B2B1436917DE6F3100A8454E /* FishLamp-Objc-Lib.m in Sources */ = {isa = PBXBuildFile; fileRef = B2B1436517DE6F3100A8454E /* FishLamp-Objc-Lib.m */; };
		B2B1436A17DE6F3100A8454E /* FishLamp-Objc-Lib.m in Sources */ = {isa = PBXBuildFile; fileRef = B2B1436517DE6F3100A8454E /* FishLamp-Objc-Lib.m */; };
/* End PBXBuildFile section */

/* Begin PBXCopyFilesBuildPhase section */
		2712D92D17DE30EF007327C0 /* CopyFiles */ = {
			isa = PBXCopyFilesBuildPhase;
			buildActionMask = 2147483647;
			dstPath = /usr/share/man/man1/;
			dstSubfolderSpec = 0;
			files = (
			);
			runOnlyForDeploymentPostprocessing = 1;
		};
		2712D93D17DE310C007327C0 /* CopyFiles */ = {
			isa = PBXCopyFilesBuildPhase;
			buildActionMask = 2147483647;
			dstPath = /usr/share/man/man1/;
			dstSubfolderSpec = 0;
			files = (
			);
			runOnlyForDeploymentPostprocessing = 1;
		};
		2712D94D17DE311F007327C0 /* CopyFiles */ = {
			isa = PBXCopyFilesBuildPhase;
			buildActionMask = 2147483647;
			dstPath = /usr/share/man/man1/;
			dstSubfolderSpec = 0;
			files = (
			);
			runOnlyForDeploymentPostprocessing = 1;
		};
		2727D28B17DE2FF80069F9D2 /* CopyFiles */ = {
			isa = PBXCopyFilesBuildPhase;
			buildActionMask = 2147483647;
			dstPath = /usr/share/man/man1/;
			dstSubfolderSpec = 0;
			files = (
			);
			runOnlyForDeploymentPostprocessing = 1;
		};
/* End PBXCopyFilesBuildPhase section */

/* Begin PBXFileReference section */
		27048EF0161CB58600C38ADA /* libFishLamp-Objc-Lib-OSX-32-MRC.a */ = {isa = PBXFileReference; explicitFileType = archive.ar; includeInIndex = 0; path = "libFishLamp-Objc-Lib-OSX-32-MRC.a"; sourceTree = BUILT_PRODUCTS_DIR; };
		2712D92F17DE30EF007327C0 /* FishLamp-Objc-Lib-Test-OSX-Universal-MRC */ = {isa = PBXFileReference; explicitFileType = "compiled.mach-o.executable"; includeInIndex = 0; path = "FishLamp-Objc-Lib-Test-OSX-Universal-MRC"; sourceTree = BUILT_PRODUCTS_DIR; };
		2712D93F17DE310C007327C0 /* FishLamp-Objc-Lib-Test-OSX-64-ARC */ = {isa = PBXFileReference; explicitFileType = "compiled.mach-o.executable"; includeInIndex = 0; path = "FishLamp-Objc-Lib-Test-OSX-64-ARC"; sourceTree = BUILT_PRODUCTS_DIR; };
		2712D94F17DE311F007327C0 /* FishLamp-Objc-Lib-Test-OSX-32-MRC */ = {isa = PBXFileReference; explicitFileType = "compiled.mach-o.executable"; includeInIndex = 0; path = "FishLamp-Objc-Lib-Test-OSX-32-MRC"; sourceTree = BUILT_PRODUCTS_DIR; };
		2712D99E17DE35FE007327C0 /* SharedTargetSettings.xcconfig */ = {isa = PBXFileReference; lastKnownFileType = text.xcconfig; path = SharedTargetSettings.xcconfig; sourceTree = "<group>"; };
		2712D99F17DE35FE007327C0 /* FishLamp-Objc-Lib-Lib-Prefix.pch */ = {isa = PBXFileReference; lastKnownFileType = sourcecode.c.h; path = "FishLamp-Objc-Lib-Lib-Prefix.pch"; sourceTree = "<group>"; };
		2712D9A017DE35FE007327C0 /* FishLamp-Objc-Lib-Lib-OSX-32-MRC.xcconfig */ = {isa = PBXFileReference; lastKnownFileType = text.xcconfig; path = "FishLamp-Objc-Lib-Lib-OSX-32-MRC.xcconfig"; sourceTree = "<group>"; };
		2712D9A117DE35FE007327C0 /* FishLamp-Objc-Lib-Lib-OSX-64-ARC.xcconfig */ = {isa = PBXFileReference; lastKnownFileType = text.xcconfig; path = "FishLamp-Objc-Lib-Lib-OSX-64-ARC.xcconfig"; sourceTree = "<group>"; };
		2712D9A217DE35FE007327C0 /* FishLamp-Objc-Lib-Lib-OSX-64-MRC.xcconfig */ = {isa = PBXFileReference; lastKnownFileType = text.xcconfig; path = "FishLamp-Objc-Lib-Lib-OSX-64-MRC.xcconfig"; sourceTree = "<group>"; };
		2712D9A317DE35FE007327C0 /* FishLamp-Objc-Lib-Lib-OSX-iOS-ARC.xcconfig */ = {isa = PBXFileReference; lastKnownFileType = text.xcconfig; path = "FishLamp-Objc-Lib-Lib-OSX-iOS-ARC.xcconfig"; sourceTree = "<group>"; };
		2712D9A417DE35FE007327C0 /* FishLamp-Objc-Lib-Lib-OSX-Universal-MRC.xcconfig */ = {isa = PBXFileReference; lastKnownFileType = text.xcconfig; path = "FishLamp-Objc-Lib-Lib-OSX-Universal-MRC.xcconfig"; sourceTree = "<group>"; };
		2712D9B617DE3632007327C0 /* main.m */ = {isa = PBXFileReference; fileEncoding = 4; lastKnownFileType = sourcecode.c.objc; path = main.m; sourceTree = "<group>"; };
		2712D9B717DE3632007327C0 /* FishLamp-Objc-Lib-Test-OSX-32-MRC.xcconfig */ = {isa = PBXFileReference; fileEncoding = 4; lastKnownFileType = text.xcconfig; path = "FishLamp-Objc-Lib-Test-OSX-32-MRC.xcconfig"; sourceTree = "<group>"; };
		2712D9B817DE3632007327C0 /* FishLamp-Objc-Lib-Test-OSX-64-ARC.xcconfig */ = {isa = PBXFileReference; fileEncoding = 4; lastKnownFileType = text.xcconfig; path = "FishLamp-Objc-Lib-Test-OSX-64-ARC.xcconfig"; sourceTree = "<group>"; };
		2712D9B917DE3632007327C0 /* FishLamp-Objc-Lib-Test-OSX-64-MRC.xcconfig */ = {isa = PBXFileReference; fileEncoding = 4; lastKnownFileType = text.xcconfig; path = "FishLamp-Objc-Lib-Test-OSX-64-MRC.xcconfig"; sourceTree = "<group>"; };
		2712D9BB17DE3632007327C0 /* FishLamp-Objc-Lib-Test-OSX-Universal-MRC.xcconfig */ = {isa = PBXFileReference; fileEncoding = 4; lastKnownFileType = text.xcconfig; path = "FishLamp-Objc-Lib-Test-OSX-Universal-MRC.xcconfig"; sourceTree = "<group>"; };
		2712D9BC17DE3632007327C0 /* FishLamp-Objc-Lib_Test.1 */ = {isa = PBXFileReference; fileEncoding = 4; lastKnownFileType = text.man; path = "FishLamp-Objc-Lib_Test.1"; sourceTree = "<group>"; };
		2712D9C217DE36C8007327C0 /* ProjectSettingsDebug.xcconfig */ = {isa = PBXFileReference; lastKnownFileType = text.xcconfig; path = ProjectSettingsDebug.xcconfig; sourceTree = "<group>"; };
		2712D9C317DE36C8007327C0 /* ProjectSettingsRelease.xcconfig */ = {isa = PBXFileReference; lastKnownFileType = text.xcconfig; path = ProjectSettingsRelease.xcconfig; sourceTree = "<group>"; };
		2727D21017DE2E110069F9D2 /* Foundation.framework */ = {isa = PBXFileReference; lastKnownFileType = wrapper.framework; name = Foundation.framework; path = System/Library/Frameworks/Foundation.framework; sourceTree = SDKROOT; };
		2727D24E17DE2EAA0069F9D2 /* CoreGraphics.framework */ = {isa = PBXFileReference; lastKnownFileType = wrapper.framework; name = CoreGraphics.framework; path = System/Library/Frameworks/CoreGraphics.framework; sourceTree = SDKROOT; };
		2727D25017DE2EAA0069F9D2 /* UIKit.framework */ = {isa = PBXFileReference; lastKnownFileType = wrapper.framework; name = UIKit.framework; path = Library/Frameworks/UIKit.framework; sourceTree = DEVELOPER_DIR; };
		2727D26517DE2EAA0069F9D2 /* XCTest.framework */ = {isa = PBXFileReference; lastKnownFileType = wrapper.framework; name = XCTest.framework; path = Library/Frameworks/XCTest.framework; sourceTree = DEVELOPER_DIR; };
		2727D28D17DE2FF80069F9D2 /* FishLamp-Objc-Lib-Test-OSX-64-MRC */ = {isa = PBXFileReference; explicitFileType = "compiled.mach-o.executable"; includeInIndex = 0; path = "FishLamp-Objc-Lib-Test-OSX-64-MRC"; sourceTree = BUILT_PRODUCTS_DIR; };
		27314C79165328400027850D /* libFishLamp-Objc-Lib-OSX-64-ARC.a */ = {isa = PBXFileReference; explicitFileType = archive.ar; includeInIndex = 0; path = "libFishLamp-Objc-Lib-OSX-64-ARC.a"; sourceTree = BUILT_PRODUCTS_DIR; };
		27A43AB415CDCC89001CB13E /* libFishLamp-Objc-Lib-iOS-ARC.a */ = {isa = PBXFileReference; explicitFileType = archive.ar; includeInIndex = 0; path = "libFishLamp-Objc-Lib-iOS-ARC.a"; sourceTree = BUILT_PRODUCTS_DIR; };
		27A43AC415CDCCCB001CB13E /* libFishLamp-Objc-Lib-OSX-64-MRC.a */ = {isa = PBXFileReference; explicitFileType = archive.ar; includeInIndex = 0; path = "libFishLamp-Objc-Lib-OSX-64-MRC.a"; sourceTree = BUILT_PRODUCTS_DIR; };
		27CBC1F416768BA600753D0A /* libFishLamp-Objc-Lib-OSX-Universal-MRC.a */ = {isa = PBXFileReference; explicitFileType = archive.ar; includeInIndex = 0; path = "libFishLamp-Objc-Lib-OSX-Universal-MRC.a"; sourceTree = BUILT_PRODUCTS_DIR; };
		B214727B17DE7BBC00985872 /* FishLamp-Objc-Lib-Test-iOS.app */ = {isa = PBXFileReference; explicitFileType = wrapper.application; includeInIndex = 0; path = "FishLamp-Objc-Lib-Test-iOS.app"; sourceTree = BUILT_PRODUCTS_DIR; };
		B214728117DE7BBC00985872 /* FishLamp-Objc-Lib-Test-iOS-Info.plist */ = {isa = PBXFileReference; lastKnownFileType = text.plist.xml; path = "FishLamp-Objc-Lib-Test-iOS-Info.plist"; sourceTree = "<group>"; };
		B214728317DE7BBC00985872 /* en */ = {isa = PBXFileReference; lastKnownFileType = text.plist.strings; name = en; path = en.lproj/InfoPlist.strings; sourceTree = "<group>"; };
		B214728517DE7BBC00985872 /* main.m */ = {isa = PBXFileReference; lastKnownFileType = sourcecode.c.objc; path = main.m; sourceTree = "<group>"; };
		B214728717DE7BBD00985872 /* FishLamp-Objc-Lib-Test-iOS-Prefix.pch */ = {isa = PBXFileReference; lastKnownFileType = sourcecode.c.h; path = "FishLamp-Objc-Lib-Test-iOS-Prefix.pch"; sourceTree = "<group>"; };
		B214728817DE7BBD00985872 /* AppDelegate.h */ = {isa = PBXFileReference; lastKnownFileType = sourcecode.c.h; path = AppDelegate.h; sourceTree = "<group>"; };
		B214728917DE7BBD00985872 /* AppDelegate.m */ = {isa = PBXFileReference; lastKnownFileType = sourcecode.c.objc; path = AppDelegate.m; sourceTree = "<group>"; };
		B214728B17DE7BBD00985872 /* Default.png */ = {isa = PBXFileReference; lastKnownFileType = image.png; path = Default.png; sourceTree = "<group>"; };
		B214728D17DE7BBD00985872 /* Default@2x.png */ = {isa = PBXFileReference; lastKnownFileType = image.png; path = "Default@2x.png"; sourceTree = "<group>"; };
		B214728F17DE7BBD00985872 /* Default-568h@2x.png */ = {isa = PBXFileReference; lastKnownFileType = image.png; path = "Default-568h@2x.png"; sourceTree = "<group>"; };
		B214729117DE7BBD00985872 /* ViewController.h */ = {isa = PBXFileReference; lastKnownFileType = sourcecode.c.h; path = ViewController.h; sourceTree = "<group>"; };
		B214729217DE7BBD00985872 /* ViewController.m */ = {isa = PBXFileReference; lastKnownFileType = sourcecode.c.objc; path = ViewController.m; sourceTree = "<group>"; };
		B214729517DE7BBD00985872 /* en */ = {isa = PBXFileReference; lastKnownFileType = file.xib; name = en; path = en.lproj/ViewController_iPhone.xib; sourceTree = "<group>"; };
		B214729817DE7BBD00985872 /* en */ = {isa = PBXFileReference; lastKnownFileType = file.xib; name = en; path = en.lproj/ViewController_iPad.xib; sourceTree = "<group>"; };
		B263E0E217DE7BF40049EF94 /* FishLamp-Objc-Lib-Test-iOS.xcconfig */ = {isa = PBXFileReference; lastKnownFileType = text.xcconfig; path = "FishLamp-Objc-Lib-Test-iOS.xcconfig"; sourceTree = "<group>"; };
		B263E0E317DE7CF80049EF94 /* PiecemealCompilerFlagOverrides.h */ = {isa = PBXFileReference; lastKnownFileType = sourcecode.c.h; path = PiecemealCompilerFlagOverrides.h; sourceTree = "<group>"; };
		B263E0E417DE7D4C0049EF94 /* PiecemealCompilerFlagOverrides.h */ = {isa = PBXFileReference; fileEncoding = 4; lastKnownFileType = sourcecode.c.h; name = PiecemealCompilerFlagOverrides.h; path = "Piecemeal-XcodeConfigs/PiecemealCompilerFlagOverrides.h"; sourceTree = "<group>"; };
		B2B1436417DE6F3100A8454E /* FishLamp-Objc-Lib.h */ = {isa = PBXFileReference; fileEncoding = 4; lastKnownFileType = sourcecode.c.h; path = "FishLamp-Objc-Lib.h"; sourceTree = "<group>"; };
		B2B1436517DE6F3100A8454E /* FishLamp-Objc-Lib.m */ = {isa = PBXFileReference; fileEncoding = 4; lastKnownFileType = sourcecode.c.objc; path = "FishLamp-Objc-Lib.m"; sourceTree = "<group>"; };
		B2B1436B17DE701600A8454E /* SharedTargetSettings.xcconfig */ = {isa = PBXFileReference; lastKnownFileType = text.xcconfig; path = SharedTargetSettings.xcconfig; sourceTree = "<group>"; };
		B2B1436C17DE708C00A8454E /* FishLamp-Objc-Lib-Test-Prefix.pch */ = {isa = PBXFileReference; fileEncoding = 4; lastKnownFileType = sourcecode.c.h; path = "FishLamp-Objc-Lib-Test-Prefix.pch"; sourceTree = "<group>"; };
		B2B1436E17DE724B00A8454E /* .gitignore */ = {isa = PBXFileReference; lastKnownFileType = text; path = .gitignore; sourceTree = "<group>"; };
		B2B1437017DE724B00A8454E /* Piecemeal-IncludedConfig-ARC.xcconfig */ = {isa = PBXFileReference; lastKnownFileType = text.xcconfig; path = "Piecemeal-IncludedConfig-ARC.xcconfig"; sourceTree = "<group>"; };
		B2B1437117DE724B00A8454E /* Piecemeal-IncludedConfig-iOS.xcconfig */ = {isa = PBXFileReference; lastKnownFileType = text.xcconfig; path = "Piecemeal-IncludedConfig-iOS.xcconfig"; sourceTree = "<group>"; };
		B2B1437217DE724B00A8454E /* Piecemeal-IncludedConfig-MRC.xcconfig */ = {isa = PBXFileReference; lastKnownFileType = text.xcconfig; path = "Piecemeal-IncludedConfig-MRC.xcconfig"; sourceTree = "<group>"; };
		B2B1437317DE724B00A8454E /* Piecemeal-IncludedConfig-OSX-32.xcconfig */ = {isa = PBXFileReference; lastKnownFileType = text.xcconfig; path = "Piecemeal-IncludedConfig-OSX-32.xcconfig"; sourceTree = "<group>"; };
		B2B1437417DE724B00A8454E /* Piecemeal-IncludedConfig-OSX-64.xcconfig */ = {isa = PBXFileReference; lastKnownFileType = text.xcconfig; path = "Piecemeal-IncludedConfig-OSX-64.xcconfig"; sourceTree = "<group>"; };
		B2B1437517DE724B00A8454E /* Piecemeal-IncludedConfig-OSX-Universal.xcconfig */ = {isa = PBXFileReference; lastKnownFileType = text.xcconfig; path = "Piecemeal-IncludedConfig-OSX-Universal.xcconfig"; sourceTree = "<group>"; };
		B2B1437617DE724B00A8454E /* Piecemeal-IncludedConfig-Preprocessor.xcconfig */ = {isa = PBXFileReference; lastKnownFileType = text.xcconfig; path = "Piecemeal-IncludedConfig-Preprocessor.xcconfig"; sourceTree = "<group>"; };
		B2B1437717DE724B00A8454E /* Piecemeal-IncludedConfig-Settings-Debug.xcconfig */ = {isa = PBXFileReference; lastKnownFileType = text.xcconfig; path = "Piecemeal-IncludedConfig-Settings-Debug.xcconfig"; sourceTree = "<group>"; };
		B2B1437817DE724B00A8454E /* Piecemeal-IncludedConfig-Settings.xcconfig */ = {isa = PBXFileReference; lastKnownFileType = text.xcconfig; path = "Piecemeal-IncludedConfig-Settings.xcconfig"; sourceTree = "<group>"; };
		B2B1437917DE724B00A8454E /* Piecemeal-IncludedConfig-TestTool.xcconfig */ = {isa = PBXFileReference; lastKnownFileType = text.xcconfig; path = "Piecemeal-IncludedConfig-TestTool.xcconfig"; sourceTree = "<group>"; };
		B2B1437A17DE724B00A8454E /* Piecemeal-IncludedConfig-Tool.xcconfig */ = {isa = PBXFileReference; lastKnownFileType = text.xcconfig; path = "Piecemeal-IncludedConfig-Tool.xcconfig"; sourceTree = "<group>"; };
		B2B1438217DE724B00A8454E /* install-headers.sh */ = {isa = PBXFileReference; lastKnownFileType = text.script.sh; path = "install-headers.sh"; sourceTree = "<group>"; };
		B2B1438317DE724B00A8454E /* LICENSE */ = {isa = PBXFileReference; lastKnownFileType = text; path = LICENSE; sourceTree = "<group>"; };
		B2B1438517DE724B00A8454E /* Piecemeal-ProjectSettingsDebug.xcconfig */ = {isa = PBXFileReference; lastKnownFileType = text.xcconfig; path = "Piecemeal-ProjectSettingsDebug.xcconfig"; sourceTree = "<group>"; };
		B2B1438617DE724B00A8454E /* Piecemeal-ProjectSettingsRelease.xcconfig */ = {isa = PBXFileReference; lastKnownFileType = text.xcconfig; path = "Piecemeal-ProjectSettingsRelease.xcconfig"; sourceTree = "<group>"; };
		B2B1438717DE724B00A8454E /* README.md */ = {isa = PBXFileReference; lastKnownFileType = text; path = README.md; sourceTree = "<group>"; };
		B2B1438917DE724B00A8454E /* Piecemeal-TargetSettings-iOS-ARC.xcconfig */ = {isa = PBXFileReference; lastKnownFileType = text.xcconfig; path = "Piecemeal-TargetSettings-iOS-ARC.xcconfig"; sourceTree = "<group>"; };
		B2B1438A17DE724B00A8454E /* Piecemeal-TargetSettings-OSX-32-MRC.xcconfig */ = {isa = PBXFileReference; lastKnownFileType = text.xcconfig; path = "Piecemeal-TargetSettings-OSX-32-MRC.xcconfig"; sourceTree = "<group>"; };
		B2B1438B17DE724B00A8454E /* Piecemeal-TargetSettings-OSX-64-ARC.xcconfig */ = {isa = PBXFileReference; lastKnownFileType = text.xcconfig; path = "Piecemeal-TargetSettings-OSX-64-ARC.xcconfig"; sourceTree = "<group>"; };
		B2B1438C17DE724B00A8454E /* Piecemeal-TargetSettings-OSX-64-MRC.xcconfig */ = {isa = PBXFileReference; lastKnownFileType = text.xcconfig; path = "Piecemeal-TargetSettings-OSX-64-MRC.xcconfig"; sourceTree = "<group>"; };
		B2B1438D17DE724B00A8454E /* Piecemeal-TargetSettings-OSX-Universal-MRC.xcconfig */ = {isa = PBXFileReference; lastKnownFileType = text.xcconfig; path = "Piecemeal-TargetSettings-OSX-Universal-MRC.xcconfig"; sourceTree = "<group>"; };
/* End PBXFileReference section */

/* Begin PBXFrameworksBuildPhase section */
		27048D0F161CB58600C38ADA /* Frameworks */ = {
			isa = PBXFrameworksBuildPhase;
			buildActionMask = 2147483647;
			files = (
			);
			runOnlyForDeploymentPostprocessing = 0;
		};
		2712D92C17DE30EF007327C0 /* Frameworks */ = {
			isa = PBXFrameworksBuildPhase;
			buildActionMask = 2147483647;
			files = (
				2712D93017DE30EF007327C0 /* Foundation.framework in Frameworks */,
			);
			runOnlyForDeploymentPostprocessing = 0;
		};
		2712D93C17DE310C007327C0 /* Frameworks */ = {
			isa = PBXFrameworksBuildPhase;
			buildActionMask = 2147483647;
			files = (
				2712D94017DE310C007327C0 /* Foundation.framework in Frameworks */,
			);
			runOnlyForDeploymentPostprocessing = 0;
		};
		2712D94C17DE311F007327C0 /* Frameworks */ = {
			isa = PBXFrameworksBuildPhase;
			buildActionMask = 2147483647;
			files = (
				2712D95017DE311F007327C0 /* Foundation.framework in Frameworks */,
			);
			runOnlyForDeploymentPostprocessing = 0;
		};
		2727D28A17DE2FF80069F9D2 /* Frameworks */ = {
			isa = PBXFrameworksBuildPhase;
			buildActionMask = 2147483647;
			files = (
				2727D28E17DE2FF80069F9D2 /* Foundation.framework in Frameworks */,
			);
			runOnlyForDeploymentPostprocessing = 0;
		};
		27314A76165328400027850D /* Frameworks */ = {
			isa = PBXFrameworksBuildPhase;
			buildActionMask = 2147483647;
			files = (
			);
			runOnlyForDeploymentPostprocessing = 0;
		};
		27A43AB115CDCC89001CB13E /* Frameworks */ = {
			isa = PBXFrameworksBuildPhase;
			buildActionMask = 2147483647;
			files = (
			);
			runOnlyForDeploymentPostprocessing = 0;
		};
		27A43AC115CDCCCB001CB13E /* Frameworks */ = {
			isa = PBXFrameworksBuildPhase;
			buildActionMask = 2147483647;
			files = (
			);
			runOnlyForDeploymentPostprocessing = 0;
		};
		27CBBFEC16768BA600753D0A /* Frameworks */ = {
			isa = PBXFrameworksBuildPhase;
			buildActionMask = 2147483647;
			files = (
			);
			runOnlyForDeploymentPostprocessing = 0;
		};
		B214727817DE7BBC00985872 /* Frameworks */ = {
			isa = PBXFrameworksBuildPhase;
			buildActionMask = 2147483647;
			files = (
				B214727C17DE7BBC00985872 /* UIKit.framework in Frameworks */,
				B214727D17DE7BBC00985872 /* Foundation.framework in Frameworks */,
				B214727E17DE7BBC00985872 /* CoreGraphics.framework in Frameworks */,
			);
			runOnlyForDeploymentPostprocessing = 0;
		};
/* End PBXFrameworksBuildPhase section */

/* Begin PBXGroup section */
		2712D99D17DE35FE007327C0 /* FishLamp-Objc-Lib-Lib */ = {
			isa = PBXGroup;
			children = (
				2712D99E17DE35FE007327C0 /* SharedTargetSettings.xcconfig */,
				2712D99F17DE35FE007327C0 /* FishLamp-Objc-Lib-Lib-Prefix.pch */,
				2712D9A017DE35FE007327C0 /* FishLamp-Objc-Lib-Lib-OSX-32-MRC.xcconfig */,
				2712D9A117DE35FE007327C0 /* FishLamp-Objc-Lib-Lib-OSX-64-ARC.xcconfig */,
				2712D9A217DE35FE007327C0 /* FishLamp-Objc-Lib-Lib-OSX-64-MRC.xcconfig */,
				2712D9A317DE35FE007327C0 /* FishLamp-Objc-Lib-Lib-OSX-iOS-ARC.xcconfig */,
				2712D9A417DE35FE007327C0 /* FishLamp-Objc-Lib-Lib-OSX-Universal-MRC.xcconfig */,
			);
			path = "FishLamp-Objc-Lib-Lib";
			sourceTree = "<group>";
		};
		2712D9B517DE3632007327C0 /* FishLamp-Objc-Lib-Test-OSX */ = {
			isa = PBXGroup;
			children = (
				2712D9B617DE3632007327C0 /* main.m */,
				2712D9B717DE3632007327C0 /* FishLamp-Objc-Lib-Test-OSX-32-MRC.xcconfig */,
				2712D9B817DE3632007327C0 /* FishLamp-Objc-Lib-Test-OSX-64-ARC.xcconfig */,
				2712D9B917DE3632007327C0 /* FishLamp-Objc-Lib-Test-OSX-64-MRC.xcconfig */,
				2712D9BB17DE3632007327C0 /* FishLamp-Objc-Lib-Test-OSX-Universal-MRC.xcconfig */,
				2712D9BC17DE3632007327C0 /* FishLamp-Objc-Lib_Test.1 */,
				B2B1436B17DE701600A8454E /* SharedTargetSettings.xcconfig */,
				B2B1436C17DE708C00A8454E /* FishLamp-Objc-Lib-Test-Prefix.pch */,
			);
			path = "FishLamp-Objc-Lib-Test-OSX";
			sourceTree = "<group>";
		};
		2712D9C117DE36B6007327C0 /* ProjectSettings */ = {
			isa = PBXGroup;
			children = (
				B263E0E417DE7D4C0049EF94 /* PiecemealCompilerFlagOverrides.h */,
				2712D9C217DE36C8007327C0 /* ProjectSettingsDebug.xcconfig */,
				2712D9C317DE36C8007327C0 /* ProjectSettingsRelease.xcconfig */,
			);
			name = ProjectSettings;
			sourceTree = "<group>";
		};
		27A43A7115CDCC1B001CB13E = {
			isa = PBXGroup;
			children = (
				B263E0E617DE7FBE0049EF94 /* Classes */,
				B2B1436D17DE724B00A8454E /* Piecemeal-XcodeConfigs */,
				B2B1436417DE6F3100A8454E /* FishLamp-Objc-Lib.h */,
				B2B1436517DE6F3100A8454E /* FishLamp-Objc-Lib.m */,
				2712D9C117DE36B6007327C0 /* ProjectSettings */,
				2712D9B517DE3632007327C0 /* FishLamp-Objc-Lib-Test-OSX */,
				2712D99D17DE35FE007327C0 /* FishLamp-Objc-Lib-Lib */,
				B214727F17DE7BBC00985872 /* FishLamp-Objc-Lib-Test-iOS */,
				27A43A7E15CDCC1B001CB13E /* Frameworks */,
				27A43A7D15CDCC1B001CB13E /* Products */,
			);
			sourceTree = "<group>";
		};
		27A43A7D15CDCC1B001CB13E /* Products */ = {
			isa = PBXGroup;
			children = (
				27A43AB415CDCC89001CB13E /* libFishLamp-Objc-Lib-iOS-ARC.a */,
				27A43AC415CDCCCB001CB13E /* libFishLamp-Objc-Lib-OSX-64-MRC.a */,
				27048EF0161CB58600C38ADA /* libFishLamp-Objc-Lib-OSX-32-MRC.a */,
				27314C79165328400027850D /* libFishLamp-Objc-Lib-OSX-64-ARC.a */,
				27CBC1F416768BA600753D0A /* libFishLamp-Objc-Lib-OSX-Universal-MRC.a */,
				2727D28D17DE2FF80069F9D2 /* FishLamp-Objc-Lib-Test-OSX-64-MRC */,
				2712D92F17DE30EF007327C0 /* FishLamp-Objc-Lib-Test-OSX-Universal-MRC */,
				2712D93F17DE310C007327C0 /* FishLamp-Objc-Lib-Test-OSX-64-ARC */,
				2712D94F17DE311F007327C0 /* FishLamp-Objc-Lib-Test-OSX-32-MRC */,
				B214727B17DE7BBC00985872 /* FishLamp-Objc-Lib-Test-iOS.app */,
			);
			name = Products;
			sourceTree = "<group>";
		};
		27A43A7E15CDCC1B001CB13E /* Frameworks */ = {
			isa = PBXGroup;
			children = (
				2727D21017DE2E110069F9D2 /* Foundation.framework */,
				2727D24E17DE2EAA0069F9D2 /* CoreGraphics.framework */,
				2727D25017DE2EAA0069F9D2 /* UIKit.framework */,
				2727D26517DE2EAA0069F9D2 /* XCTest.framework */,
			);
			name = Frameworks;
			sourceTree = "<group>";
		};
		B214727F17DE7BBC00985872 /* FishLamp-Objc-Lib-Test-iOS */ = {
			isa = PBXGroup;
			children = (
				B214728817DE7BBD00985872 /* AppDelegate.h */,
				B214728917DE7BBD00985872 /* AppDelegate.m */,
				B214729117DE7BBD00985872 /* ViewController.h */,
				B214729217DE7BBD00985872 /* ViewController.m */,
				B214729417DE7BBD00985872 /* ViewController_iPhone.xib */,
				B214729717DE7BBD00985872 /* ViewController_iPad.xib */,
				B214728017DE7BBC00985872 /* Supporting Files */,
			);
			path = "FishLamp-Objc-Lib-Test-iOS";
			sourceTree = "<group>";
		};
		B214728017DE7BBC00985872 /* Supporting Files */ = {
			isa = PBXGroup;
			children = (
				B263E0E217DE7BF40049EF94 /* FishLamp-Objc-Lib-Test-iOS.xcconfig */,
				B214728117DE7BBC00985872 /* FishLamp-Objc-Lib-Test-iOS-Info.plist */,
				B214728217DE7BBC00985872 /* InfoPlist.strings */,
				B214728517DE7BBC00985872 /* main.m */,
				B214728717DE7BBD00985872 /* FishLamp-Objc-Lib-Test-iOS-Prefix.pch */,
				B214728B17DE7BBD00985872 /* Default.png */,
				B214728D17DE7BBD00985872 /* Default@2x.png */,
				B214728F17DE7BBD00985872 /* Default-568h@2x.png */,
			);
			name = "Supporting Files";
			sourceTree = "<group>";
		};
		B263E0E617DE7FBE0049EF94 /* Classes */ = {
			isa = PBXGroup;
			children = (
			);
			name = Classes;
			sourceTree = "<group>";
		};
		B2B1436D17DE724B00A8454E /* Piecemeal-XcodeConfigs */ = {
			isa = PBXGroup;
			children = (
				B263E0E317DE7CF80049EF94 /* PiecemealCompilerFlagOverrides.h */,
				B2B1436E17DE724B00A8454E /* .gitignore */,
				B2B1436F17DE724B00A8454E /* Configs */,
				B2B1438217DE724B00A8454E /* install-headers.sh */,
				B2B1438317DE724B00A8454E /* LICENSE */,
				B2B1438417DE724B00A8454E /* ProjectSettings */,
				B2B1438717DE724B00A8454E /* README.md */,
				B2B1438817DE724B00A8454E /* TargetSettings */,
			);
			path = "Piecemeal-XcodeConfigs";
			sourceTree = "<group>";
		};
		B2B1436F17DE724B00A8454E /* Configs */ = {
			isa = PBXGroup;
			children = (
				B2B1437017DE724B00A8454E /* Piecemeal-IncludedConfig-ARC.xcconfig */,
				B2B1437117DE724B00A8454E /* Piecemeal-IncludedConfig-iOS.xcconfig */,
				B2B1437217DE724B00A8454E /* Piecemeal-IncludedConfig-MRC.xcconfig */,
				B2B1437317DE724B00A8454E /* Piecemeal-IncludedConfig-OSX-32.xcconfig */,
				B2B1437417DE724B00A8454E /* Piecemeal-IncludedConfig-OSX-64.xcconfig */,
				B2B1437517DE724B00A8454E /* Piecemeal-IncludedConfig-OSX-Universal.xcconfig */,
				B2B1437617DE724B00A8454E /* Piecemeal-IncludedConfig-Preprocessor.xcconfig */,
				B2B1437717DE724B00A8454E /* Piecemeal-IncludedConfig-Settings-Debug.xcconfig */,
				B2B1437817DE724B00A8454E /* Piecemeal-IncludedConfig-Settings.xcconfig */,
				B2B1437917DE724B00A8454E /* Piecemeal-IncludedConfig-TestTool.xcconfig */,
				B2B1437A17DE724B00A8454E /* Piecemeal-IncludedConfig-Tool.xcconfig */,
			);
			path = Configs;
			sourceTree = "<group>";
		};
		B2B1438417DE724B00A8454E /* ProjectSettings */ = {
			isa = PBXGroup;
			children = (
				B2B1438517DE724B00A8454E /* Piecemeal-ProjectSettingsDebug.xcconfig */,
				B2B1438617DE724B00A8454E /* Piecemeal-ProjectSettingsRelease.xcconfig */,
			);
			path = ProjectSettings;
			sourceTree = "<group>";
		};
		B2B1438817DE724B00A8454E /* TargetSettings */ = {
			isa = PBXGroup;
			children = (
				B2B1438917DE724B00A8454E /* Piecemeal-TargetSettings-iOS-ARC.xcconfig */,
				B2B1438A17DE724B00A8454E /* Piecemeal-TargetSettings-OSX-32-MRC.xcconfig */,
				B2B1438B17DE724B00A8454E /* Piecemeal-TargetSettings-OSX-64-ARC.xcconfig */,
				B2B1438C17DE724B00A8454E /* Piecemeal-TargetSettings-OSX-64-MRC.xcconfig */,
				B2B1438D17DE724B00A8454E /* Piecemeal-TargetSettings-OSX-Universal-MRC.xcconfig */,
			);
			path = TargetSettings;
			sourceTree = "<group>";
		};
/* End PBXGroup section */

/* Begin PBXNativeTarget section */
		27048B70161CB58600C38ADA /* FishLamp-Objc-Lib-OSX-32-MRC */ = {
			isa = PBXNativeTarget;
			buildConfigurationList = 27048EEB161CB58600C38ADA /* Build configuration list for PBXNativeTarget "FishLamp-Objc-Lib-OSX-32-MRC" */;
			buildPhases = (
				27048B71161CB58600C38ADA /* Sources */,
				27048D0F161CB58600C38ADA /* Frameworks */,
			);
			buildRules = (
			);
			dependencies = (
			);
			name = "FishLamp-Objc-Lib-OSX-32-MRC";
			productName = FishLampCocoaApp;
			productReference = 27048EF0161CB58600C38ADA /* libFishLamp-Objc-Lib-OSX-32-MRC.a */;
			productType = "com.apple.product-type.library.static";
		};
		2712D92E17DE30EF007327C0 /* FishLamp-Objc-Lib-Test-OSX-Universal-MRC */ = {
			isa = PBXNativeTarget;
			buildConfigurationList = 2712D93A17DE30EF007327C0 /* Build configuration list for PBXNativeTarget "FishLamp-Objc-Lib-Test-OSX-Universal-MRC" */;
			buildPhases = (
				2712D92B17DE30EF007327C0 /* Sources */,
				2712D92C17DE30EF007327C0 /* Frameworks */,
				2712D92D17DE30EF007327C0 /* CopyFiles */,
			);
			buildRules = (
			);
			dependencies = (
			);
			name = "FishLamp-Objc-Lib-Test-OSX-Universal-MRC";
			productName = "FishLamp-Objc-Lib-Test-OSX-Universal-MRC";
			productReference = 2712D92F17DE30EF007327C0 /* FishLamp-Objc-Lib-Test-OSX-Universal-MRC */;
			productType = "com.apple.product-type.tool";
		};
		2712D93E17DE310C007327C0 /* FishLamp-Objc-Lib-Test-OSX-64-ARC */ = {
			isa = PBXNativeTarget;
			buildConfigurationList = 2712D94817DE310C007327C0 /* Build configuration list for PBXNativeTarget "FishLamp-Objc-Lib-Test-OSX-64-ARC" */;
			buildPhases = (
				2712D93B17DE310C007327C0 /* Sources */,
				2712D93C17DE310C007327C0 /* Frameworks */,
				2712D93D17DE310C007327C0 /* CopyFiles */,
			);
			buildRules = (
			);
			dependencies = (
			);
			name = "FishLamp-Objc-Lib-Test-OSX-64-ARC";
			productName = "FishLamp-Objc-Lib-Test-OSX-64-ARC";
			productReference = 2712D93F17DE310C007327C0 /* FishLamp-Objc-Lib-Test-OSX-64-ARC */;
			productType = "com.apple.product-type.tool";
		};
		2712D94E17DE311F007327C0 /* FishLamp-Objc-Lib-Test-OSX-32-MRC */ = {
			isa = PBXNativeTarget;
			buildConfigurationList = 2712D95817DE311F007327C0 /* Build configuration list for PBXNativeTarget "FishLamp-Objc-Lib-Test-OSX-32-MRC" */;
			buildPhases = (
				2712D94B17DE311F007327C0 /* Sources */,
				2712D94C17DE311F007327C0 /* Frameworks */,
				2712D94D17DE311F007327C0 /* CopyFiles */,
			);
			buildRules = (
			);
			dependencies = (
			);
			name = "FishLamp-Objc-Lib-Test-OSX-32-MRC";
			productName = "FishLamp-Objc-Lib-Test-OSX-32-MRC";
			productReference = 2712D94F17DE311F007327C0 /* FishLamp-Objc-Lib-Test-OSX-32-MRC */;
			productType = "com.apple.product-type.tool";
		};
		2727D28C17DE2FF80069F9D2 /* FishLamp-Objc-Lib-Test-OSX-64-MRC */ = {
			isa = PBXNativeTarget;
			buildConfigurationList = 2727D29617DE2FF80069F9D2 /* Build configuration list for PBXNativeTarget "FishLamp-Objc-Lib-Test-OSX-64-MRC" */;
			buildPhases = (
				2727D28917DE2FF80069F9D2 /* Sources */,
				2727D28A17DE2FF80069F9D2 /* Frameworks */,
				2727D28B17DE2FF80069F9D2 /* CopyFiles */,
			);
			buildRules = (
			);
			dependencies = (
			);
			name = "FishLamp-Objc-Lib-Test-OSX-64-MRC";
			productName = "FishLamp-Objc-Lib-Test-OSX-64-MRC";
			productReference = 2727D28D17DE2FF80069F9D2 /* FishLamp-Objc-Lib-Test-OSX-64-MRC */;
			productType = "com.apple.product-type.tool";
		};
		273148B9165328400027850D /* FishLamp-Objc-Lib-OSX-64-ARC */ = {
			isa = PBXNativeTarget;
			buildConfigurationList = 27314C75165328400027850D /* Build configuration list for PBXNativeTarget "FishLamp-Objc-Lib-OSX-64-ARC" */;
			buildPhases = (
				273148BA165328400027850D /* Sources */,
				27314A76165328400027850D /* Frameworks */,
			);
			buildRules = (
			);
			dependencies = (
			);
			name = "FishLamp-Objc-Lib-OSX-64-ARC";
			productName = FishLampCommandLine;
			productReference = 27314C79165328400027850D /* libFishLamp-Objc-Lib-OSX-64-ARC.a */;
			productType = "com.apple.product-type.library.static";
		};
		27A43AB315CDCC89001CB13E /* FishLamp-Objc-Lib-iOS-ARC */ = {
			isa = PBXNativeTarget;
			buildConfigurationList = 27A43ABD15CDCC89001CB13E /* Build configuration list for PBXNativeTarget "FishLamp-Objc-Lib-iOS-ARC" */;
			buildPhases = (
				27A43AB015CDCC89001CB13E /* Sources */,
				27A43AB115CDCC89001CB13E /* Frameworks */,
			);
			buildRules = (
			);
			dependencies = (
			);
			name = "FishLamp-Objc-Lib-iOS-ARC";
			productName = FishLampiOS;
			productReference = 27A43AB415CDCC89001CB13E /* libFishLamp-Objc-Lib-iOS-ARC.a */;
			productType = "com.apple.product-type.library.static";
		};
		27A43AC315CDCCCB001CB13E /* FishLamp-Objc-Lib-OSX-64-MRC */ = {
			isa = PBXNativeTarget;
			buildConfigurationList = 27A43ACC15CDCCCB001CB13E /* Build configuration list for PBXNativeTarget "FishLamp-Objc-Lib-OSX-64-MRC" */;
			buildPhases = (
				27A43AC015CDCCCB001CB13E /* Sources */,
				27A43AC115CDCCCB001CB13E /* Frameworks */,
			);
			buildRules = (
			);
			dependencies = (
			);
			name = "FishLamp-Objc-Lib-OSX-64-MRC";
			productName = FishLampCommandLine;
			productReference = 27A43AC415CDCCCB001CB13E /* libFishLamp-Objc-Lib-OSX-64-MRC.a */;
			productType = "com.apple.product-type.library.static";
		};
		27CBBE2916768BA600753D0A /* FishLamp-Objc-Lib-OSX-Universal-MRC */ = {
			isa = PBXNativeTarget;
			buildConfigurationList = 27CBC1F116768BA600753D0A /* Build configuration list for PBXNativeTarget "FishLamp-Objc-Lib-OSX-Universal-MRC" */;
			buildPhases = (
				27CBBE2A16768BA600753D0A /* Sources */,
				27CBBFEC16768BA600753D0A /* Frameworks */,
			);
			buildRules = (
			);
			dependencies = (
			);
			name = "FishLamp-Objc-Lib-OSX-Universal-MRC";
			productName = FishLampCommandLine;
			productReference = 27CBC1F416768BA600753D0A /* libFishLamp-Objc-Lib-OSX-Universal-MRC.a */;
			productType = "com.apple.product-type.library.static";
		};
		B214727A17DE7BBC00985872 /* FishLamp-Objc-Lib-Test-iOS */ = {
			isa = PBXNativeTarget;
			buildConfigurationList = B214729A17DE7BBD00985872 /* Build configuration list for PBXNativeTarget "FishLamp-Objc-Lib-Test-iOS" */;
			buildPhases = (
				B214727717DE7BBC00985872 /* Sources */,
				B214727817DE7BBC00985872 /* Frameworks */,
				B214727917DE7BBC00985872 /* Resources */,
			);
			buildRules = (
			);
			dependencies = (
			);
			name = "FishLamp-Objc-Lib-Test-iOS";
			productName = "FishLamp-Objc-Lib-Test-iOS";
			productReference = B214727B17DE7BBC00985872 /* FishLamp-Objc-Lib-Test-iOS.app */;
			productType = "com.apple.product-type.application";
		};
/* End PBXNativeTarget section */

/* Begin PBXProject section */
		27A43A7315CDCC1B001CB13E /* Project object */ = {
			isa = PBXProject;
			attributes = {
				LastUpgradeCheck = 0450;
				ORGANIZATIONNAME = "Mike Fullerton";
			};
			buildConfigurationList = 27A43A7615CDCC1B001CB13E /* Build configuration list for PBXProject "FishLamp-Objc-Lib" */;
			compatibilityVersion = "Xcode 3.2";
			developmentRegion = English;
			hasScannedForEncodings = 0;
			knownRegions = (
				en,
				English,
			);
			mainGroup = 27A43A7115CDCC1B001CB13E;
			productRefGroup = 27A43A7D15CDCC1B001CB13E /* Products */;
			projectDirPath = "";
			projectRoot = "";
			targets = (
				27A43AB315CDCC89001CB13E /* FishLamp-Objc-Lib-iOS-ARC */,
				27048B70161CB58600C38ADA /* FishLamp-Objc-Lib-OSX-32-MRC */,
				27A43AC315CDCCCB001CB13E /* FishLamp-Objc-Lib-OSX-64-MRC */,
				273148B9165328400027850D /* FishLamp-Objc-Lib-OSX-64-ARC */,
				27CBBE2916768BA600753D0A /* FishLamp-Objc-Lib-OSX-Universal-MRC */,
				2727D28C17DE2FF80069F9D2 /* FishLamp-Objc-Lib-Test-OSX-64-MRC */,
				2712D92E17DE30EF007327C0 /* FishLamp-Objc-Lib-Test-OSX-Universal-MRC */,
				2712D93E17DE310C007327C0 /* FishLamp-Objc-Lib-Test-OSX-64-ARC */,
				2712D94E17DE311F007327C0 /* FishLamp-Objc-Lib-Test-OSX-32-MRC */,
				B214727A17DE7BBC00985872 /* FishLamp-Objc-Lib-Test-iOS */,
			);
		};
/* End PBXProject section */

/* Begin PBXResourcesBuildPhase section */
		B214727917DE7BBC00985872 /* Resources */ = {
			isa = PBXResourcesBuildPhase;
			buildActionMask = 2147483647;
			files = (
				B214728417DE7BBC00985872 /* InfoPlist.strings in Resources */,
				B214728C17DE7BBD00985872 /* Default.png in Resources */,
				B214728E17DE7BBD00985872 /* Default@2x.png in Resources */,
				B214729017DE7BBD00985872 /* Default-568h@2x.png in Resources */,
				B214729617DE7BBD00985872 /* ViewController_iPhone.xib in Resources */,
				B214729917DE7BBD00985872 /* ViewController_iPad.xib in Resources */,
			);
			runOnlyForDeploymentPostprocessing = 0;
		};
/* End PBXResourcesBuildPhase section */

/* Begin PBXSourcesBuildPhase section */
		27048B71161CB58600C38ADA /* Sources */ = {
			isa = PBXSourcesBuildPhase;
			buildActionMask = 2147483647;
			files = (
				B2B1436717DE6F3100A8454E /* FishLamp-Objc-Lib.m in Sources */,
			);
			runOnlyForDeploymentPostprocessing = 0;
		};
		2712D92B17DE30EF007327C0 /* Sources */ = {
			isa = PBXSourcesBuildPhase;
			buildActionMask = 2147483647;
			files = (
				2712D9BE17DE3632007327C0 /* main.m in Sources */,
			);
			runOnlyForDeploymentPostprocessing = 0;
		};
		2712D93B17DE310C007327C0 /* Sources */ = {
			isa = PBXSourcesBuildPhase;
			buildActionMask = 2147483647;
			files = (
				2712D9BF17DE3632007327C0 /* main.m in Sources */,
			);
			runOnlyForDeploymentPostprocessing = 0;
		};
		2712D94B17DE311F007327C0 /* Sources */ = {
			isa = PBXSourcesBuildPhase;
			buildActionMask = 2147483647;
			files = (
				2712D9C017DE3632007327C0 /* main.m in Sources */,
			);
			runOnlyForDeploymentPostprocessing = 0;
		};
		2727D28917DE2FF80069F9D2 /* Sources */ = {
			isa = PBXSourcesBuildPhase;
			buildActionMask = 2147483647;
			files = (
				2712D9BD17DE3632007327C0 /* main.m in Sources */,
			);
			runOnlyForDeploymentPostprocessing = 0;
		};
		273148BA165328400027850D /* Sources */ = {
			isa = PBXSourcesBuildPhase;
			buildActionMask = 2147483647;
			files = (
				B2B1436917DE6F3100A8454E /* FishLamp-Objc-Lib.m in Sources */,
			);
			runOnlyForDeploymentPostprocessing = 0;
		};
		27A43AB015CDCC89001CB13E /* Sources */ = {
			isa = PBXSourcesBuildPhase;
			buildActionMask = 2147483647;
			files = (
				B2B1436617DE6F3100A8454E /* FishLamp-Objc-Lib.m in Sources */,
			);
			runOnlyForDeploymentPostprocessing = 0;
		};
		27A43AC015CDCCCB001CB13E /* Sources */ = {
			isa = PBXSourcesBuildPhase;
			buildActionMask = 2147483647;
			files = (
				B2B1436817DE6F3100A8454E /* FishLamp-Objc-Lib.m in Sources */,
			);
			runOnlyForDeploymentPostprocessing = 0;
		};
		27CBBE2A16768BA600753D0A /* Sources */ = {
			isa = PBXSourcesBuildPhase;
			buildActionMask = 2147483647;
			files = (
				B2B1436A17DE6F3100A8454E /* FishLamp-Objc-Lib.m in Sources */,
			);
			runOnlyForDeploymentPostprocessing = 0;
		};
		B214727717DE7BBC00985872 /* Sources */ = {
			isa = PBXSourcesBuildPhase;
			buildActionMask = 2147483647;
			files = (
				B214728617DE7BBC00985872 /* main.m in Sources */,
				B214728A17DE7BBD00985872 /* AppDelegate.m in Sources */,
				B214729317DE7BBD00985872 /* ViewController.m in Sources */,
			);
			runOnlyForDeploymentPostprocessing = 0;
		};
/* End PBXSourcesBuildPhase section */

/* Begin PBXVariantGroup section */
		B214728217DE7BBC00985872 /* InfoPlist.strings */ = {
			isa = PBXVariantGroup;
			children = (
				B214728317DE7BBC00985872 /* en */,
			);
			name = InfoPlist.strings;
			sourceTree = "<group>";
		};
		B214729417DE7BBD00985872 /* ViewController_iPhone.xib */ = {
			isa = PBXVariantGroup;
			children = (
				B214729517DE7BBD00985872 /* en */,
			);
			name = ViewController_iPhone.xib;
			sourceTree = "<group>";
		};
		B214729717DE7BBD00985872 /* ViewController_iPad.xib */ = {
			isa = PBXVariantGroup;
			children = (
				B214729817DE7BBD00985872 /* en */,
			);
			name = ViewController_iPad.xib;
			sourceTree = "<group>";
		};
/* End PBXVariantGroup section */

/* Begin XCBuildConfiguration section */
		27048EEC161CB58600C38ADA /* Debug */ = {
			isa = XCBuildConfiguration;
			baseConfigurationReference = 2712D9A017DE35FE007327C0 /* FishLamp-Objc-Lib-Lib-OSX-32-MRC.xcconfig */;
			buildSettings = {
			};
			name = Debug;
		};
		27048EEE161CB58600C38ADA /* Release */ = {
			isa = XCBuildConfiguration;
			baseConfigurationReference = 2712D9A017DE35FE007327C0 /* FishLamp-Objc-Lib-Lib-OSX-32-MRC.xcconfig */;
			buildSettings = {
			};
			name = Release;
		};
		2712D93817DE30EF007327C0 /* Debug */ = {
			isa = XCBuildConfiguration;
			baseConfigurationReference = 2712D9BB17DE3632007327C0 /* FishLamp-Objc-Lib-Test-OSX-Universal-MRC.xcconfig */;
			buildSettings = {
			};
			name = Debug;
		};
		2712D93917DE30EF007327C0 /* Release */ = {
			isa = XCBuildConfiguration;
			baseConfigurationReference = 2712D9BB17DE3632007327C0 /* FishLamp-Objc-Lib-Test-OSX-Universal-MRC.xcconfig */;
			buildSettings = {
			};
			name = Release;
		};
		2712D94917DE310C007327C0 /* Debug */ = {
			isa = XCBuildConfiguration;
			baseConfigurationReference = 2712D9B817DE3632007327C0 /* FishLamp-Objc-Lib-Test-OSX-64-ARC.xcconfig */;
			buildSettings = {
			};
			name = Debug;
		};
		2712D94A17DE310C007327C0 /* Release */ = {
			isa = XCBuildConfiguration;
			baseConfigurationReference = 2712D9B817DE3632007327C0 /* FishLamp-Objc-Lib-Test-OSX-64-ARC.xcconfig */;
			buildSettings = {
			};
			name = Release;
		};
		2712D95917DE311F007327C0 /* Debug */ = {
			isa = XCBuildConfiguration;
			baseConfigurationReference = 2712D9B717DE3632007327C0 /* FishLamp-Objc-Lib-Test-OSX-32-MRC.xcconfig */;
			buildSettings = {
			};
			name = Debug;
		};
		2712D95A17DE311F007327C0 /* Release */ = {
			isa = XCBuildConfiguration;
			baseConfigurationReference = 2712D9B717DE3632007327C0 /* FishLamp-Objc-Lib-Test-OSX-32-MRC.xcconfig */;
			buildSettings = {
			};
			name = Release;
		};
		2727D29717DE2FF80069F9D2 /* Debug */ = {
			isa = XCBuildConfiguration;
			baseConfigurationReference = 2712D9B917DE3632007327C0 /* FishLamp-Objc-Lib-Test-OSX-64-MRC.xcconfig */;
			buildSettings = {
			};
			name = Debug;
		};
		2727D29817DE2FF80069F9D2 /* Release */ = {
			isa = XCBuildConfiguration;
			baseConfigurationReference = 2712D9B917DE3632007327C0 /* FishLamp-Objc-Lib-Test-OSX-64-MRC.xcconfig */;
			buildSettings = {
			};
			name = Release;
		};
		27314C76165328400027850D /* Debug */ = {
			isa = XCBuildConfiguration;
			baseConfigurationReference = 2712D9A117DE35FE007327C0 /* FishLamp-Objc-Lib-Lib-OSX-64-ARC.xcconfig */;
			buildSettings = {
			};
			name = Debug;
		};
		27314C77165328400027850D /* Release */ = {
			isa = XCBuildConfiguration;
			baseConfigurationReference = 2712D9A117DE35FE007327C0 /* FishLamp-Objc-Lib-Lib-OSX-64-ARC.xcconfig */;
			buildSettings = {
			};
			name = Release;
		};
		27A43A8B15CDCC1B001CB13E /* Debug */ = {
			isa = XCBuildConfiguration;
			baseConfigurationReference = 2712D9C217DE36C8007327C0 /* ProjectSettingsDebug.xcconfig */;
			buildSettings = {
				MACH_O_TYPE = staticlib;
			};
			name = Debug;
		};
		27A43A8C15CDCC1B001CB13E /* Release */ = {
			isa = XCBuildConfiguration;
			baseConfigurationReference = 2712D9C317DE36C8007327C0 /* ProjectSettingsRelease.xcconfig */;
			buildSettings = {
				MACH_O_TYPE = staticlib;
			};
			name = Release;
		};
		27A43ABE15CDCC89001CB13E /* Debug */ = {
			isa = XCBuildConfiguration;
			baseConfigurationReference = 2712D9A317DE35FE007327C0 /* FishLamp-Objc-Lib-Lib-OSX-iOS-ARC.xcconfig */;
			buildSettings = {
			};
			name = Debug;
		};
		27A43ABF15CDCC89001CB13E /* Release */ = {
			isa = XCBuildConfiguration;
			baseConfigurationReference = 2712D9A317DE35FE007327C0 /* FishLamp-Objc-Lib-Lib-OSX-iOS-ARC.xcconfig */;
			buildSettings = {
			};
			name = Release;
		};
		27A43ACD15CDCCCB001CB13E /* Debug */ = {
			isa = XCBuildConfiguration;
			baseConfigurationReference = 2712D9A217DE35FE007327C0 /* FishLamp-Objc-Lib-Lib-OSX-64-MRC.xcconfig */;
			buildSettings = {
			};
			name = Debug;
		};
		27A43ACE15CDCCCB001CB13E /* Release */ = {
			isa = XCBuildConfiguration;
			baseConfigurationReference = 2712D9A217DE35FE007327C0 /* FishLamp-Objc-Lib-Lib-OSX-64-MRC.xcconfig */;
			buildSettings = {
			};
			name = Release;
		};
		27CBC1F216768BA600753D0A /* Debug */ = {
			isa = XCBuildConfiguration;
			baseConfigurationReference = 2712D9A417DE35FE007327C0 /* FishLamp-Objc-Lib-Lib-OSX-Universal-MRC.xcconfig */;
			buildSettings = {
			};
			name = Debug;
		};
		27CBC1F316768BA600753D0A /* Release */ = {
			isa = XCBuildConfiguration;
			baseConfigurationReference = 2712D9A417DE35FE007327C0 /* FishLamp-Objc-Lib-Lib-OSX-Universal-MRC.xcconfig */;
			buildSettings = {
			};
			name = Release;
		};
		B214729B17DE7BBD00985872 /* Debug */ = {
			isa = XCBuildConfiguration;
			baseConfigurationReference = B263E0E217DE7BF40049EF94 /* FishLamp-Objc-Lib-Test-iOS.xcconfig */;
			buildSettings = {
				ALWAYS_SEARCH_USER_PATHS = NO;
				CLANG_CXX_LANGUAGE_STANDARD = "gnu++0x";
				CLANG_CXX_LIBRARY = "libc++";
				CLANG_ENABLE_OBJC_ARC = YES;
				CLANG_WARN_CONSTANT_CONVERSION = YES;
				CLANG_WARN_EMPTY_BODY = YES;
				CLANG_WARN_ENUM_CONVERSION = YES;
				CLANG_WARN_INT_CONVERSION = YES;
				CLANG_WARN__DUPLICATE_METHOD_MATCH = YES;
				"CODE_SIGN_IDENTITY[sdk=iphoneos*]" = "iPhone Developer";
				COPY_PHASE_STRIP = NO;
				FRAMEWORK_SEARCH_PATHS = (
					"$(inherited)",
					"\"$(SYSTEM_APPS_DIR)/Xcode.app/Contents/Developer/Library/Frameworks\"",
				);
				GCC_C_LANGUAGE_STANDARD = gnu99;
				GCC_DYNAMIC_NO_PIC = NO;
				GCC_OPTIMIZATION_LEVEL = 0;
				GCC_PRECOMPILE_PREFIX_HEADER = YES;
				GCC_PREFIX_HEADER = "FishLamp-Objc-Lib-Test-iOS/FishLamp-Objc-Lib-Test-iOS-Prefix.pch";
				GCC_PREPROCESSOR_DEFINITIONS = (
					"DEBUG=1",
					"$(inherited)",
				);
				GCC_SYMBOLS_PRIVATE_EXTERN = NO;
				GCC_WARN_ABOUT_RETURN_TYPE = YES;
				GCC_WARN_UNINITIALIZED_AUTOS = YES;
				GCC_WARN_UNUSED_VARIABLE = YES;
				INFOPLIST_FILE = "FishLamp-Objc-Lib-Test-iOS/FishLamp-Objc-Lib-Test-iOS-Info.plist";
				IPHONEOS_DEPLOYMENT_TARGET = 6.1;
				ONLY_ACTIVE_ARCH = YES;
				PRODUCT_NAME = "$(TARGET_NAME)";
				SDKROOT = iphoneos;
				TARGETED_DEVICE_FAMILY = "1,2";
				WRAPPER_EXTENSION = app;
			};
			name = Debug;
		};
		B214729C17DE7BBD00985872 /* Release */ = {
			isa = XCBuildConfiguration;
			baseConfigurationReference = B263E0E217DE7BF40049EF94 /* FishLamp-Objc-Lib-Test-iOS.xcconfig */;
			buildSettings = {
				ALWAYS_SEARCH_USER_PATHS = NO;
				CLANG_CXX_LANGUAGE_STANDARD = "gnu++0x";
				CLANG_CXX_LIBRARY = "libc++";
				CLANG_ENABLE_OBJC_ARC = YES;
				CLANG_WARN_CONSTANT_CONVERSION = YES;
				CLANG_WARN_EMPTY_BODY = YES;
				CLANG_WARN_ENUM_CONVERSION = YES;
				CLANG_WARN_INT_CONVERSION = YES;
				CLANG_WARN__DUPLICATE_METHOD_MATCH = YES;
				"CODE_SIGN_IDENTITY[sdk=iphoneos*]" = "iPhone Developer";
				COPY_PHASE_STRIP = YES;
				FRAMEWORK_SEARCH_PATHS = (
					"$(inherited)",
					"\"$(SYSTEM_APPS_DIR)/Xcode.app/Contents/Developer/Library/Frameworks\"",
				);
				GCC_C_LANGUAGE_STANDARD = gnu99;
				GCC_PRECOMPILE_PREFIX_HEADER = YES;
				GCC_PREFIX_HEADER = "FishLamp-Objc-Lib-Test-iOS/FishLamp-Objc-Lib-Test-iOS-Prefix.pch";
				GCC_WARN_ABOUT_RETURN_TYPE = YES;
				GCC_WARN_UNINITIALIZED_AUTOS = YES;
				GCC_WARN_UNUSED_VARIABLE = YES;
				INFOPLIST_FILE = "FishLamp-Objc-Lib-Test-iOS/FishLamp-Objc-Lib-Test-iOS-Info.plist";
				IPHONEOS_DEPLOYMENT_TARGET = 6.1;
				OTHER_CFLAGS = "-DNS_BLOCK_ASSERTIONS=1";
				PRODUCT_NAME = "$(TARGET_NAME)";
				SDKROOT = iphoneos;
				TARGETED_DEVICE_FAMILY = "1,2";
				VALIDATE_PRODUCT = YES;
				WRAPPER_EXTENSION = app;
			};
			name = Release;
		};
/* End XCBuildConfiguration section */

/* Begin XCConfigurationList section */
		27048EEB161CB58600C38ADA /* Build configuration list for PBXNativeTarget "FishLamp-Objc-Lib-OSX-32-MRC" */ = {
			isa = XCConfigurationList;
			buildConfigurations = (
				27048EEC161CB58600C38ADA /* Debug */,
				27048EEE161CB58600C38ADA /* Release */,
			);
			defaultConfigurationIsVisible = 0;
			defaultConfigurationName = Release;
		};
		2712D93A17DE30EF007327C0 /* Build configuration list for PBXNativeTarget "FishLamp-Objc-Lib-Test-OSX-Universal-MRC" */ = {
			isa = XCConfigurationList;
			buildConfigurations = (
				2712D93817DE30EF007327C0 /* Debug */,
				2712D93917DE30EF007327C0 /* Release */,
			);
			defaultConfigurationIsVisible = 0;
			defaultConfigurationName = Release;
		};
		2712D94817DE310C007327C0 /* Build configuration list for PBXNativeTarget "FishLamp-Objc-Lib-Test-OSX-64-ARC" */ = {
			isa = XCConfigurationList;
			buildConfigurations = (
				2712D94917DE310C007327C0 /* Debug */,
				2712D94A17DE310C007327C0 /* Release */,
			);
			defaultConfigurationIsVisible = 0;
			defaultConfigurationName = Release;
		};
		2712D95817DE311F007327C0 /* Build configuration list for PBXNativeTarget "FishLamp-Objc-Lib-Test-OSX-32-MRC" */ = {
			isa = XCConfigurationList;
			buildConfigurations = (
				2712D95917DE311F007327C0 /* Debug */,
				2712D95A17DE311F007327C0 /* Release */,
			);
			defaultConfigurationIsVisible = 0;
			defaultConfigurationName = Release;
		};
		2727D29617DE2FF80069F9D2 /* Build configuration list for PBXNativeTarget "FishLamp-Objc-Lib-Test-OSX-64-MRC" */ = {
			isa = XCConfigurationList;
			buildConfigurations = (
				2727D29717DE2FF80069F9D2 /* Debug */,
				2727D29817DE2FF80069F9D2 /* Release */,
			);
			defaultConfigurationIsVisible = 0;
			defaultConfigurationName = Release;
		};
		27314C75165328400027850D /* Build configuration list for PBXNativeTarget "FishLamp-Objc-Lib-OSX-64-ARC" */ = {
			isa = XCConfigurationList;
			buildConfigurations = (
				27314C76165328400027850D /* Debug */,
				27314C77165328400027850D /* Release */,
			);
			defaultConfigurationIsVisible = 0;
			defaultConfigurationName = Release;
		};
		27A43A7615CDCC1B001CB13E /* Build configuration list for PBXProject "FishLamp-Objc-Lib" */ = {
			isa = XCConfigurationList;
			buildConfigurations = (
				27A43A8B15CDCC1B001CB13E /* Debug */,
				27A43A8C15CDCC1B001CB13E /* Release */,
			);
			defaultConfigurationIsVisible = 0;
			defaultConfigurationName = Release;
		};
		27A43ABD15CDCC89001CB13E /* Build configuration list for PBXNativeTarget "FishLamp-Objc-Lib-iOS-ARC" */ = {
			isa = XCConfigurationList;
			buildConfigurations = (
				27A43ABE15CDCC89001CB13E /* Debug */,
				27A43ABF15CDCC89001CB13E /* Release */,
			);
			defaultConfigurationIsVisible = 0;
			defaultConfigurationName = Release;
		};
		27A43ACC15CDCCCB001CB13E /* Build configuration list for PBXNativeTarget "FishLamp-Objc-Lib-OSX-64-MRC" */ = {
			isa = XCConfigurationList;
			buildConfigurations = (
				27A43ACD15CDCCCB001CB13E /* Debug */,
				27A43ACE15CDCCCB001CB13E /* Release */,
			);
			defaultConfigurationIsVisible = 0;
			defaultConfigurationName = Release;
		};
		27CBC1F116768BA600753D0A /* Build configuration list for PBXNativeTarget "FishLamp-Objc-Lib-OSX-Universal-MRC" */ = {
			isa = XCConfigurationList;
			buildConfigurations = (
				27CBC1F216768BA600753D0A /* Debug */,
				27CBC1F316768BA600753D0A /* Release */,
			);
			defaultConfigurationIsVisible = 0;
			defaultConfigurationName = Release;
		};
		B214729A17DE7BBD00985872 /* Build configuration list for PBXNativeTarget "FishLamp-Objc-Lib-Test-iOS" */ = {
			isa = XCConfigurationList;
			buildConfigurations = (
				B214729B17DE7BBD00985872 /* Debug */,
				B214729C17DE7BBD00985872 /* Release */,
			);
			defaultConfigurationIsVisible = 0;
			defaultConfigurationName = Release;
		};
/* End XCConfigurationList section */
	};
	rootObject = 27A43A7315CDCC1B001CB13E /* Project object */;
}
