<?xml version="1.0" encoding="UTF-8"?>
<Scheme
   LastUpgradeVersion = "0500"
   version = "1.3">
   <BuildAction
      parallelizeBuildables = "YES"
      buildImplicitDependencies = "YES">
      <BuildActionEntries>
         <BuildActionEntry
            buildForTesting = "YES"
            buildForRunning = "YES"
            buildForProfiling = "YES"
            buildForArchiving = "YES"
            buildForAnalyzing = "YES">
            <BuildableReference
               BuildableIdentifier = "primary"
               BlueprintIdentifier = "2712D94E17DE311F007327C0"
               BuildableName = "FishLamp-Objc-Test-OSX-32-MRC"
               BlueprintName = "FishLamp-Objc-Test-OSX-32-MRC"
               ReferencedContainer = "container:FishLamp-Objc.xcodeproj">
            </BuildableReference>
         </BuildActionEntry>
         <BuildActionEntry
            buildForTesting = "YES"
            buildForRunning = "YES"
            buildForProfiling = "YES"
            buildForArchiving = "YES"
            buildForAnalyzing = "YES">
            <BuildableReference
               BuildableIdentifier = "primary"
               BlueprintIdentifier = "2712D93E17DE310C007327C0"
               BuildableName = "FishLamp-Objc-Test-OSX-64-ARC"
               BlueprintName = "FishLamp-Objc-Test-OSX-64-ARC"
               ReferencedContainer = "container:FishLamp-Objc.xcodeproj">
            </BuildableReference>
         </BuildActionEntry>
         <BuildActionEntry
            buildForTesting = "YES"
            buildForRunning = "YES"
            buildForProfiling = "YES"
            buildForArchiving = "YES"
            buildForAnalyzing = "YES">
            <BuildableReference
               BuildableIdentifier = "primary"
               BlueprintIdentifier = "2727D28C17DE2FF80069F9D2"
               BuildableName = "FishLamp-Objc-Test-OSX-64-MRC"
               BlueprintName = "FishLamp-Objc-Test-OSX-64-MRC"
               ReferencedContainer = "container:FishLamp-Objc.xcodeproj">
            </BuildableReference>
         </BuildActionEntry>
         <BuildActionEntry
            buildForTesting = "YES"
            buildForRunning = "YES"
            buildForProfiling = "YES"
            buildForArchiving = "YES"
            buildForAnalyzing = "YES">
            <BuildableReference
               BuildableIdentifier = "primary"
               BlueprintIdentifier = "2712D92E17DE30EF007327C0"
               BuildableName = "FishLamp-Objc-Test-OSX-Universal-MRC"
               BlueprintName = "FishLamp-Objc-Test-OSX-Universal-MRC"
               ReferencedContainer = "container:FishLamp-Objc.xcodeproj">
            </BuildableReference>
         </BuildActionEntry>
         <BuildActionEntry
            buildForTesting = "YES"
            buildForRunning = "YES"
            buildForProfiling = "YES"
            buildForArchiving = "YES"
            buildForAnalyzing = "YES">
            <BuildableReference
               BuildableIdentifier = "primary"
               BlueprintIdentifier = "B214727A17DE7BBC00985872"
               BuildableName = "FishLamp-Objc-Test-iOS.app"
               BlueprintName = "FishLamp-Objc-Test-iOS"
               ReferencedContainer = "container:FishLamp-Objc.xcodeproj">
            </BuildableReference>
         </BuildActionEntry>
         <BuildActionEntry
            buildForTesting = "YES"
            buildForRunning = "YES"
            buildForProfiling = "YES"
            buildForArchiving = "YES"
            buildForAnalyzing = "YES">
            <BuildableReference
               BuildableIdentifier = "primary"
               BlueprintIdentifier = "27048B70161CB58600C38ADA"
               BuildableName = "libFishLamp-Objc-OSX-32-MRC.a"
               BlueprintName = "FishLamp-Objc-OSX-32-MRC"
               ReferencedContainer = "container:FishLamp-Objc.xcodeproj">
            </BuildableReference>
         </BuildActionEntry>
         <BuildActionEntry
            buildForTesting = "YES"
            buildForRunning = "YES"
            buildForProfiling = "YES"
            buildForArchiving = "YES"
            buildForAnalyzing = "YES">
            <BuildableReference
               BuildableIdentifier = "primary"
               BlueprintIdentifier = "273148B9165328400027850D"
               BuildableName = "libFishLamp-Objc-OSX-64-ARC.a"
               BlueprintName = "FishLamp-Objc-OSX-64-ARC"
               ReferencedContainer = "container:FishLamp-Objc.xcodeproj">
            </BuildableReference>
         </BuildActionEntry>
         <BuildActionEntry
            buildForTesting = "YES"
            buildForRunning = "YES"
            buildForProfiling = "YES"
            buildForArchiving = "YES"
            buildForAnalyzing = "YES">
            <BuildableReference
               BuildableIdentifier = "primary"
               BlueprintIdentifier = "27A43AC315CDCCCB001CB13E"
               BuildableName = "libFishLamp-Objc-OSX-64-MRC.a"
               BlueprintName = "FishLamp-Objc-OSX-64-MRC"
               ReferencedContainer = "container:FishLamp-Objc.xcodeproj">
            </BuildableReference>
         </BuildActionEntry>
         <BuildActionEntry
            buildForTesting = "YES"
            buildForRunning = "YES"
            buildForProfiling = "YES"
            buildForArchiving = "YES"
            buildForAnalyzing = "YES">
            <BuildableReference
               BuildableIdentifier = "primary"
               BlueprintIdentifier = "27CBBE2916768BA600753D0A"
               BuildableName = "libFishLamp-Objc-OSX-Universal-MRC.a"
               BlueprintName = "FishLamp-Objc-OSX-Universal-MRC"
               ReferencedContainer = "container:FishLamp-Objc.xcodeproj">
            </BuildableReference>
         </BuildActionEntry>
         <BuildActionEntry
            buildForTesting = "YES"
            buildForRunning = "YES"
            buildForProfiling = "YES"
            buildForArchiving = "YES"
            buildForAnalyzing = "YES">
            <BuildableReference
               BuildableIdentifier = "primary"
               BlueprintIdentifier = "27A43AB315CDCC89001CB13E"
               BuildableName = "libFishLamp-Objc-iOS-ARC.a"
               BlueprintName = "FishLamp-Objc-iOS-ARC"
               ReferencedContainer = "container:FishLamp-Objc.xcodeproj">
            </BuildableReference>
         </BuildActionEntry>
      </BuildActionEntries>
   </BuildAction>
   <TestAction
      selectedDebuggerIdentifier = "Xcode.DebuggerFoundation.Debugger.LLDB"
      selectedLauncherIdentifier = "Xcode.DebuggerFoundation.Launcher.LLDB"
      shouldUseLaunchSchemeArgsEnv = "YES"
      buildConfiguration = "Debug">
      <Testables>
      </Testables>
   </TestAction>
   <LaunchAction
      selectedDebuggerIdentifier = "Xcode.DebuggerFoundation.Debugger.LLDB"
      selectedLauncherIdentifier = "Xcode.DebuggerFoundation.Launcher.LLDB"
      launchStyle = "0"
      useCustomWorkingDirectory = "NO"
      buildConfiguration = "Debug"
      ignoresPersistentStateOnLaunch = "NO"
      debugDocumentVersioning = "YES"
      allowLocationSimulation = "YES">
      <AdditionalOptions>
      </AdditionalOptions>
   </LaunchAction>
   <ProfileAction
      shouldUseLaunchSchemeArgsEnv = "YES"
      savedToolIdentifier = ""
      useCustomWorkingDirectory = "NO"
      buildConfiguration = "Release"
      debugDocumentVersioning = "YES">
   </ProfileAction>
   <AnalyzeAction
      buildConfiguration = "Debug">
   </AnalyzeAction>
   <ArchiveAction
      buildConfiguration = "Release"
      revealArchiveInOrganizer = "YES">
   </ArchiveAction>
</Scheme>
