// !$*UTF8*$!
{
	archiveVersion = 1;
	classes = {
	};
	objectVersion = 46;
	objects = {

/* Begin PBXFileReference section */
		2712D99517DE33B0007327C0 /* Configs */ = {isa = PBXFileReference; lastKnownFileType = folder; name = Configs; path = ../Configs; sourceTree = "<group>"; };
		2712D99717DE33B0007327C0 /* install-headers.sh */ = {isa = PBXFileReference; lastKnownFileType = text.script.sh; name = "install-headers.sh"; path = "../install-headers.sh"; sourceTree = "<group>"; };
		2712D99817DE33B0007327C0 /* LICENSE */ = {isa = PBXFileReference; lastKnownFileType = text; name = LICENSE; path = ../LICENSE; sourceTree = "<group>"; };
		2712D99917DE33B0007327C0 /* ProjectSettings */ = {isa = PBXFileReference; lastKnownFileType = folder; name = ProjectSettings; path = ../ProjectSettings; sourceTree = "<group>"; };
		2712D99A17DE33B0007327C0 /* README.md */ = {isa = PBXFileReference; lastKnownFileType = text; name = README.md; path = ../README.md; sourceTree = "<group>"; };
		2712D99B17DE33B0007327C0 /* TargetSettings */ = {isa = PBXFileReference; lastKnownFileType = folder; name = TargetSettings; path = ../TargetSettings; sourceTree = "<group>"; };
/* End PBXFileReference section */

/* Begin PBXGroup section */
		2712D98E17DE3385007327C0 = {
			isa = PBXGroup;
			children = (
				2712D99517DE33B0007327C0 /* Configs */,
				2712D99717DE33B0007327C0 /* install-headers.sh */,
				2712D99817DE33B0007327C0 /* LICENSE */,
				2712D99917DE33B0007327C0 /* ProjectSettings */,
				2712D99A17DE33B0007327C0 /* README.md */,
				2712D99B17DE33B0007327C0 /* TargetSettings */,
			);
			sourceTree = "<group>";
		};
/* End PBXGroup section */

/* Begin PBXProject section */
		2712D98F17DE3385007327C0 /* Project object */ = {
			isa = PBXProject;
			attributes = {
				LastUpgradeCheck = 0500;
			};
			buildConfigurationList = 2712D99217DE3385007327C0 /* Build configuration list for PBXProject "Piecemeal-XcodeConfigs" */;
			compatibilityVersion = "Xcode 3.2";
			developmentRegion = English;
			hasScannedForEncodings = 0;
			knownRegions = (
				en,
			);
			mainGroup = 2712D98E17DE3385007327C0;
			projectDirPath = "";
			projectRoot = "";
			targets = (
			);
		};
/* End PBXProject section */

/* Begin XCBuildConfiguration section */
		2712D99317DE3385007327C0 /* Debug */ = {
			isa = XCBuildConfiguration;
			buildSettings = {
			};
			name = Debug;
		};
		2712D99417DE3385007327C0 /* Release */ = {
			isa = XCBuildConfiguration;
			buildSettings = {
			};
			name = Release;
		};
/* End XCBuildConfiguration section */

/* Begin XCConfigurationList section */
		2712D99217DE3385007327C0 /* Build configuration list for PBXProject "Piecemeal-XcodeConfigs" */ = {
			isa = XCConfigurationList;
			buildConfigurations = (
				2712D99317DE3385007327C0 /* Debug */,
				2712D99417DE3385007327C0 /* Release */,
			);
			defaultConfigurationIsVisible = 0;
			defaultConfigurationName = Release;
		};
/* End XCConfigurationList section */
	};
	rootObject = 2712D98F17DE3385007327C0 /* Project object */;
}
